// !$*UTF8*$!
{
	archiveVersion = 1;
	classes = {
	};
	objectVersion = 46;
	objects = {

/* Begin PBXBuildFile section */
		E973718D1D160DB300996E12 /* AFHTTPSessionManager.m in Sources */ = {isa = PBXBuildFile; fileRef = E97371811D160DB300996E12 /* AFHTTPSessionManager.m */; };
		E973718E1D160DB300996E12 /* AFNetworkReachabilityManager.m in Sources */ = {isa = PBXBuildFile; fileRef = E97371841D160DB300996E12 /* AFNetworkReachabilityManager.m */; };
		E973718F1D160DB300996E12 /* AFSecurityPolicy.m in Sources */ = {isa = PBXBuildFile; fileRef = E97371861D160DB300996E12 /* AFSecurityPolicy.m */; };
		E97371901D160DB300996E12 /* AFURLRequestSerialization.m in Sources */ = {isa = PBXBuildFile; fileRef = E97371881D160DB300996E12 /* AFURLRequestSerialization.m */; };
		E97371911D160DB300996E12 /* AFURLResponseSerialization.m in Sources */ = {isa = PBXBuildFile; fileRef = E973718A1D160DB300996E12 /* AFURLResponseSerialization.m */; };
		E97371921D160DB300996E12 /* AFURLSessionManager.m in Sources */ = {isa = PBXBuildFile; fileRef = E973718C1D160DB300996E12 /* AFURLSessionManager.m */; };
		E97371951D162D5300996E12 /* DetailContentViewController.m in Sources */ = {isa = PBXBuildFile; fileRef = E97371941D162D5300996E12 /* DetailContentViewController.m */; };
		E97371E41D169E5300996E12 /* TableViewCell.m in Sources */ = {isa = PBXBuildFile; fileRef = E97371E31D169E5300996E12 /* TableViewCell.m */; };
		E97371F21D17BAD600996E12 /* SettingsTableViewController.m in Sources */ = {isa = PBXBuildFile; fileRef = E97371F11D17BAD600996E12 /* SettingsTableViewController.m */; };
		E97371F81D1A902600996E12 /* UIApplication+RemoteControl.m in Sources */ = {isa = PBXBuildFile; fileRef = E97371F71D1A902600996E12 /* UIApplication+RemoteControl.m */; };
		E97372021D1AA35400996E12 /* play.png in Resources */ = {isa = PBXBuildFile; fileRef = E97371FF1D1AA35400996E12 /* play.png */; };
		E97372031D1AA35400996E12 /* paused.png in Resources */ = {isa = PBXBuildFile; fileRef = E97372001D1AA35400996E12 /* paused.png */; };
		E97372041D1AA35400996E12 /* stop.png in Resources */ = {isa = PBXBuildFile; fileRef = E97372011D1AA35400996E12 /* stop.png */; };
		E973720B1D1B7A0200996E12 /* NSString+MD5.m in Sources */ = {isa = PBXBuildFile; fileRef = E973720A1D1B7A0200996E12 /* NSString+MD5.m */; };
		E9B05A941D155B5400C529E5 /* main.m in Sources */ = {isa = PBXBuildFile; fileRef = E9B05A931D155B5400C529E5 /* main.m */; };
		E9B05A971D155B5400C529E5 /* AppDelegate.m in Sources */ = {isa = PBXBuildFile; fileRef = E9B05A961D155B5400C529E5 /* AppDelegate.m */; };
		E9B05A9A1D155B5400C529E5 /* FirstViewController.m in Sources */ = {isa = PBXBuildFile; fileRef = E9B05A991D155B5400C529E5 /* FirstViewController.m */; };
		E9B05AA01D155B5400C529E5 /* Main.storyboard in Resources */ = {isa = PBXBuildFile; fileRef = E9B05A9E1D155B5400C529E5 /* Main.storyboard */; };
		E9B05AA21D155B5400C529E5 /* Assets.xcassets in Resources */ = {isa = PBXBuildFile; fileRef = E9B05AA11D155B5400C529E5 /* Assets.xcassets */; };
		E9B05AA51D155B5400C529E5 /* LaunchScreen.storyboard in Resources */ = {isa = PBXBuildFile; fileRef = E9B05AA31D155B5400C529E5 /* LaunchScreen.storyboard */; };
		E9B05AAE1D159C6400C529E5 /* FeedsData.mm in Sources */ = {isa = PBXBuildFile; fileRef = E9B05AAD1D159C6400C529E5 /* FeedsData.mm */; };
		E9B05AB31D159D1300C529E5 /* RssParser.cpp in Sources */ = {isa = PBXBuildFile; fileRef = E9B05AAF1D159D1300C529E5 /* RssParser.cpp */; };
		E9B05AB41D159D1300C529E5 /* tinyxml2.cpp in Sources */ = {isa = PBXBuildFile; fileRef = E9B05AB11D159D1300C529E5 /* tinyxml2.cpp */; };
		E9DEB2B81D1BC2DE00A56F9D /* status_podcast.png in Resources */ = {isa = PBXBuildFile; fileRef = E9DEB2B71D1BC2DE00A56F9D /* status_podcast.png */; };
		E9DEB2BA1D1BC73B00A56F9D /* pic_placeholder.png in Resources */ = {isa = PBXBuildFile; fileRef = E9DEB2B91D1BC73B00A56F9D /* pic_placeholder.png */; };
		E9FA5B731D1B9972004E4A1D /* podcast_cyan.png in Resources */ = {isa = PBXBuildFile; fileRef = E9FA5B721D1B9972004E4A1D /* podcast_cyan.png */; };
/* End PBXBuildFile section */

/* Begin PBXFileReference section */
		E97371801D160DB300996E12 /* AFHTTPSessionManager.h */ = {isa = PBXFileReference; fileEncoding = 4; lastKnownFileType = sourcecode.c.h; path = AFHTTPSessionManager.h; sourceTree = "<group>"; };
		E97371811D160DB300996E12 /* AFHTTPSessionManager.m */ = {isa = PBXFileReference; fileEncoding = 4; lastKnownFileType = sourcecode.c.objc; path = AFHTTPSessionManager.m; sourceTree = "<group>"; };
		E97371821D160DB300996E12 /* AFNetworking.h */ = {isa = PBXFileReference; fileEncoding = 4; lastKnownFileType = sourcecode.c.h; path = AFNetworking.h; sourceTree = "<group>"; };
		E97371831D160DB300996E12 /* AFNetworkReachabilityManager.h */ = {isa = PBXFileReference; fileEncoding = 4; lastKnownFileType = sourcecode.c.h; path = AFNetworkReachabilityManager.h; sourceTree = "<group>"; };
		E97371841D160DB300996E12 /* AFNetworkReachabilityManager.m */ = {isa = PBXFileReference; fileEncoding = 4; lastKnownFileType = sourcecode.c.objc; path = AFNetworkReachabilityManager.m; sourceTree = "<group>"; };
		E97371851D160DB300996E12 /* AFSecurityPolicy.h */ = {isa = PBXFileReference; fileEncoding = 4; lastKnownFileType = sourcecode.c.h; path = AFSecurityPolicy.h; sourceTree = "<group>"; };
		E97371861D160DB300996E12 /* AFSecurityPolicy.m */ = {isa = PBXFileReference; fileEncoding = 4; lastKnownFileType = sourcecode.c.objc; path = AFSecurityPolicy.m; sourceTree = "<group>"; };
		E97371871D160DB300996E12 /* AFURLRequestSerialization.h */ = {isa = PBXFileReference; fileEncoding = 4; lastKnownFileType = sourcecode.c.h; path = AFURLRequestSerialization.h; sourceTree = "<group>"; };
		E97371881D160DB300996E12 /* AFURLRequestSerialization.m */ = {isa = PBXFileReference; fileEncoding = 4; lastKnownFileType = sourcecode.c.objc; path = AFURLRequestSerialization.m; sourceTree = "<group>"; };
		E97371891D160DB300996E12 /* AFURLResponseSerialization.h */ = {isa = PBXFileReference; fileEncoding = 4; lastKnownFileType = sourcecode.c.h; path = AFURLResponseSerialization.h; sourceTree = "<group>"; };
		E973718A1D160DB300996E12 /* AFURLResponseSerialization.m */ = {isa = PBXFileReference; fileEncoding = 4; lastKnownFileType = sourcecode.c.objc; path = AFURLResponseSerialization.m; sourceTree = "<group>"; };
		E973718B1D160DB300996E12 /* AFURLSessionManager.h */ = {isa = PBXFileReference; fileEncoding = 4; lastKnownFileType = sourcecode.c.h; path = AFURLSessionManager.h; sourceTree = "<group>"; };
		E973718C1D160DB300996E12 /* AFURLSessionManager.m */ = {isa = PBXFileReference; fileEncoding = 4; lastKnownFileType = sourcecode.c.objc; path = AFURLSessionManager.m; sourceTree = "<group>"; };
		E97371931D162D5300996E12 /* DetailContentViewController.h */ = {isa = PBXFileReference; fileEncoding = 4; lastKnownFileType = sourcecode.c.h; path = DetailContentViewController.h; sourceTree = "<group>"; };
		E97371941D162D5300996E12 /* DetailContentViewController.m */ = {isa = PBXFileReference; fileEncoding = 4; lastKnownFileType = sourcecode.c.objc; path = DetailContentViewController.m; sourceTree = "<group>"; };
		E97371E21D169E5300996E12 /* TableViewCell.h */ = {isa = PBXFileReference; fileEncoding = 4; lastKnownFileType = sourcecode.c.h; path = TableViewCell.h; sourceTree = "<group>"; };
		E97371E31D169E5300996E12 /* TableViewCell.m */ = {isa = PBXFileReference; fileEncoding = 4; lastKnownFileType = sourcecode.c.objc; path = TableViewCell.m; sourceTree = "<group>"; };
		E97371F01D17BAD600996E12 /* SettingsTableViewController.h */ = {isa = PBXFileReference; fileEncoding = 4; lastKnownFileType = sourcecode.c.h; path = SettingsTableViewController.h; sourceTree = "<group>"; };
		E97371F11D17BAD600996E12 /* SettingsTableViewController.m */ = {isa = PBXFileReference; fileEncoding = 4; lastKnownFileType = sourcecode.c.objc; path = SettingsTableViewController.m; sourceTree = "<group>"; };
		E97371F31D1A8A5D00996E12 /* tabview.entitlements */ = {isa = PBXFileReference; lastKnownFileType = text.xml; path = tabview.entitlements; sourceTree = "<group>"; };
		E97371F61D1A902600996E12 /* UIApplication+RemoteControl.h */ = {isa = PBXFileReference; fileEncoding = 4; lastKnownFileType = sourcecode.c.h; path = "UIApplication+RemoteControl.h"; sourceTree = "<group>"; };
		E97371F71D1A902600996E12 /* UIApplication+RemoteControl.m */ = {isa = PBXFileReference; fileEncoding = 4; lastKnownFileType = sourcecode.c.objc; path = "UIApplication+RemoteControl.m"; sourceTree = "<group>"; };
		E97371FF1D1AA35400996E12 /* play.png */ = {isa = PBXFileReference; lastKnownFileType = image.png; path = play.png; sourceTree = "<group>"; };
		E97372001D1AA35400996E12 /* paused.png */ = {isa = PBXFileReference; lastKnownFileType = image.png; path = paused.png; sourceTree = "<group>"; };
		E97372011D1AA35400996E12 /* stop.png */ = {isa = PBXFileReference; lastKnownFileType = image.png; path = stop.png; sourceTree = "<group>"; };
		E97372091D1B7A0200996E12 /* NSString+MD5.h */ = {isa = PBXFileReference; fileEncoding = 4; lastKnownFileType = sourcecode.c.h; path = "NSString+MD5.h"; sourceTree = "<group>"; };
		E973720A1D1B7A0200996E12 /* NSString+MD5.m */ = {isa = PBXFileReference; fileEncoding = 4; lastKnownFileType = sourcecode.c.objc; path = "NSString+MD5.m"; sourceTree = "<group>"; };
		E9B05A8F1D155B5400C529E5 /* tabview.app */ = {isa = PBXFileReference; explicitFileType = wrapper.application; includeInIndex = 0; path = tabview.app; sourceTree = BUILT_PRODUCTS_DIR; };
		E9B05A931D155B5400C529E5 /* main.m */ = {isa = PBXFileReference; lastKnownFileType = sourcecode.c.objc; path = main.m; sourceTree = "<group>"; };
		E9B05A951D155B5400C529E5 /* AppDelegate.h */ = {isa = PBXFileReference; lastKnownFileType = sourcecode.c.h; path = AppDelegate.h; sourceTree = "<group>"; };
		E9B05A961D155B5400C529E5 /* AppDelegate.m */ = {isa = PBXFileReference; lastKnownFileType = sourcecode.c.objc; path = AppDelegate.m; sourceTree = "<group>"; };
		E9B05A981D155B5400C529E5 /* FirstViewController.h */ = {isa = PBXFileReference; lastKnownFileType = sourcecode.c.h; path = FirstViewController.h; sourceTree = "<group>"; };
		E9B05A991D155B5400C529E5 /* FirstViewController.m */ = {isa = PBXFileReference; lastKnownFileType = sourcecode.c.objc; path = FirstViewController.m; sourceTree = "<group>"; };
		E9B05A9F1D155B5400C529E5 /* Base */ = {isa = PBXFileReference; lastKnownFileType = file.storyboard; name = Base; path = Base.lproj/Main.storyboard; sourceTree = "<group>"; };
		E9B05AA11D155B5400C529E5 /* Assets.xcassets */ = {isa = PBXFileReference; lastKnownFileType = folder.assetcatalog; path = Assets.xcassets; sourceTree = "<group>"; };
		E9B05AA41D155B5400C529E5 /* Base */ = {isa = PBXFileReference; lastKnownFileType = file.storyboard; name = Base; path = Base.lproj/LaunchScreen.storyboard; sourceTree = "<group>"; };
		E9B05AA61D155B5400C529E5 /* Info.plist */ = {isa = PBXFileReference; lastKnownFileType = text.plist.xml; path = Info.plist; sourceTree = "<group>"; };
		E9B05AAC1D159C6400C529E5 /* FeedsData.h */ = {isa = PBXFileReference; fileEncoding = 4; lastKnownFileType = sourcecode.c.h; path = FeedsData.h; sourceTree = "<group>"; };
		E9B05AAD1D159C6400C529E5 /* FeedsData.mm */ = {isa = PBXFileReference; fileEncoding = 4; lastKnownFileType = sourcecode.cpp.objcpp; path = FeedsData.mm; sourceTree = "<group>"; };
		E9B05AAF1D159D1300C529E5 /* RssParser.cpp */ = {isa = PBXFileReference; fileEncoding = 4; lastKnownFileType = sourcecode.cpp.cpp; path = RssParser.cpp; sourceTree = "<group>"; };
		E9B05AB01D159D1300C529E5 /* RssParser.h */ = {isa = PBXFileReference; fileEncoding = 4; lastKnownFileType = sourcecode.c.h; path = RssParser.h; sourceTree = "<group>"; };
		E9B05AB11D159D1300C529E5 /* tinyxml2.cpp */ = {isa = PBXFileReference; fileEncoding = 4; lastKnownFileType = sourcecode.cpp.cpp; path = tinyxml2.cpp; sourceTree = "<group>"; };
		E9B05AB21D159D1300C529E5 /* tinyxml2.h */ = {isa = PBXFileReference; fileEncoding = 4; lastKnownFileType = sourcecode.c.h; path = tinyxml2.h; sourceTree = "<group>"; };
		E9DEB2B71D1BC2DE00A56F9D /* status_podcast.png */ = {isa = PBXFileReference; lastKnownFileType = image.png; path = status_podcast.png; sourceTree = "<group>"; };
		E9DEB2B91D1BC73B00A56F9D /* pic_placeholder.png */ = {isa = PBXFileReference; lastKnownFileType = image.png; path = pic_placeholder.png; sourceTree = "<group>"; };
		E9FA5B721D1B9972004E4A1D /* podcast_cyan.png */ = {isa = PBXFileReference; lastKnownFileType = image.png; path = podcast_cyan.png; sourceTree = "<group>"; };
/* End PBXFileReference section */

/* Begin PBXFrameworksBuildPhase section */
		E9B05A8C1D155B5400C529E5 /* Frameworks */ = {
			isa = PBXFrameworksBuildPhase;
			buildActionMask = 2147483647;
			files = (
			);
			runOnlyForDeploymentPostprocessing = 0;
		};
/* End PBXFrameworksBuildPhase section */

/* Begin PBXGroup section */
		E973717F1D160D7C00996E12 /* AFNetwork */ = {
			isa = PBXGroup;
			children = (
				E97371801D160DB300996E12 /* AFHTTPSessionManager.h */,
				E97371811D160DB300996E12 /* AFHTTPSessionManager.m */,
				E97371821D160DB300996E12 /* AFNetworking.h */,
				E97371831D160DB300996E12 /* AFNetworkReachabilityManager.h */,
				E97371841D160DB300996E12 /* AFNetworkReachabilityManager.m */,
				E97371851D160DB300996E12 /* AFSecurityPolicy.h */,
				E97371861D160DB300996E12 /* AFSecurityPolicy.m */,
				E97371871D160DB300996E12 /* AFURLRequestSerialization.h */,
				E97371881D160DB300996E12 /* AFURLRequestSerialization.m */,
				E97371891D160DB300996E12 /* AFURLResponseSerialization.h */,
				E973718A1D160DB300996E12 /* AFURLResponseSerialization.m */,
				E973718B1D160DB300996E12 /* AFURLSessionManager.h */,
				E973718C1D160DB300996E12 /* AFURLSessionManager.m */,
			);
			name = AFNetwork;
			sourceTree = "<group>";
		};
		E97372051D1AB4DA00996E12 /* Resources */ = {
			isa = PBXGroup;
			children = (
				E9DEB2B91D1BC73B00A56F9D /* pic_placeholder.png */,
				E9FA5B721D1B9972004E4A1D /* podcast_cyan.png */,
				E9DEB2B71D1BC2DE00A56F9D /* status_podcast.png */,
				E97371FF1D1AA35400996E12 /* play.png */,
				E97372001D1AA35400996E12 /* paused.png */,
				E97372011D1AA35400996E12 /* stop.png */,
			);
			name = Resources;
			path = ..;
			sourceTree = "<group>";
		};
		E9B05A861D155B5400C529E5 = {
			isa = PBXGroup;
			children = (
				E9B05A911D155B5400C529E5 /* tabview */,
				E9B05A901D155B5400C529E5 /* Products */,
			);
			sourceTree = "<group>";
		};
		E9B05A901D155B5400C529E5 /* Products */ = {
			isa = PBXGroup;
			children = (
				E9B05A8F1D155B5400C529E5 /* tabview.app */,
			);
			name = Products;
			sourceTree = "<group>";
		};
		E9B05A911D155B5400C529E5 /* tabview */ = {
			isa = PBXGroup;
			children = (
				E97371F31D1A8A5D00996E12 /* tabview.entitlements */,
				E97372051D1AB4DA00996E12 /* Resources */,
				E973717F1D160D7C00996E12 /* AFNetwork */,
				E9B05AB61D159D7B00C529E5 /* UI */,
				E9B05AB51D159D6B00C529E5 /* Feeds */,
				E9B05A951D155B5400C529E5 /* AppDelegate.h */,
				E9B05A961D155B5400C529E5 /* AppDelegate.m */,
				E9B05A9E1D155B5400C529E5 /* Main.storyboard */,
				E9B05AA11D155B5400C529E5 /* Assets.xcassets */,
				E9B05AA31D155B5400C529E5 /* LaunchScreen.storyboard */,
				E9B05AA61D155B5400C529E5 /* Info.plist */,
				E9B05A921D155B5400C529E5 /* Supporting Files */,
			);
			path = tabview;
			sourceTree = "<group>";
		};
		E9B05A921D155B5400C529E5 /* Supporting Files */ = {
			isa = PBXGroup;
			children = (
				E9B05A931D155B5400C529E5 /* main.m */,
			);
			name = "Supporting Files";
			sourceTree = "<group>";
		};
		E9B05AB51D159D6B00C529E5 /* Feeds */ = {
			isa = PBXGroup;
			children = (
				E9B05AAC1D159C6400C529E5 /* FeedsData.h */,
				E9B05AAD1D159C6400C529E5 /* FeedsData.mm */,
				E9B05AAF1D159D1300C529E5 /* RssParser.cpp */,
				E9B05AB01D159D1300C529E5 /* RssParser.h */,
				E9B05AB21D159D1300C529E5 /* tinyxml2.h */,
				E9B05AB11D159D1300C529E5 /* tinyxml2.cpp */,
				E97372091D1B7A0200996E12 /* NSString+MD5.h */,
				E973720A1D1B7A0200996E12 /* NSString+MD5.m */,
			);
			name = Feeds;
			sourceTree = "<group>";
		};
		E9B05AB61D159D7B00C529E5 /* UI */ = {
			isa = PBXGroup;
			children = (
				E9B05A981D155B5400C529E5 /* FirstViewController.h */,
				E9B05A991D155B5400C529E5 /* FirstViewController.m */,
				E97371931D162D5300996E12 /* DetailContentViewController.h */,
				E97371941D162D5300996E12 /* DetailContentViewController.m */,
				E97371E21D169E5300996E12 /* TableViewCell.h */,
				E97371E31D169E5300996E12 /* TableViewCell.m */,
				E97371F01D17BAD600996E12 /* SettingsTableViewController.h */,
				E97371F11D17BAD600996E12 /* SettingsTableViewController.m */,
				E97371F61D1A902600996E12 /* UIApplication+RemoteControl.h */,
				E97371F71D1A902600996E12 /* UIApplication+RemoteControl.m */,
			);
			name = UI;
			sourceTree = "<group>";
		};
/* End PBXGroup section */

/* Begin PBXNativeTarget section */
		E9B05A8E1D155B5400C529E5 /* tabview */ = {
			isa = PBXNativeTarget;
			buildConfigurationList = E9B05AA91D155B5400C529E5 /* Build configuration list for PBXNativeTarget "tabview" */;
			buildPhases = (
				E9B05A8B1D155B5400C529E5 /* Sources */,
				E9B05A8C1D155B5400C529E5 /* Frameworks */,
				E9B05A8D1D155B5400C529E5 /* Resources */,
			);
			buildRules = (
			);
			dependencies = (
			);
			name = tabview;
			productName = tabview;
			productReference = E9B05A8F1D155B5400C529E5 /* tabview.app */;
			productType = "com.apple.product-type.application";
		};
/* End PBXNativeTarget section */

/* Begin PBXProject section */
		E9B05A871D155B5400C529E5 /* Project object */ = {
			isa = PBXProject;
			attributes = {
				LastUpgradeCheck = 0730;
				ORGANIZATIONNAME = zfu;
				TargetAttributes = {
					E9B05A8E1D155B5400C529E5 = {
						CreatedOnToolsVersion = 7.3.1;
						DevelopmentTeam = SGZE33W2XX;
						SystemCapabilities = {
							com.apple.BackgroundModes = {
								enabled = 1;
							};
							com.apple.InterAppAudio = {
								enabled = 0;
							};
						};
					};
				};
			};
			buildConfigurationList = E9B05A8A1D155B5400C529E5 /* Build configuration list for PBXProject "tabview" */;
			compatibilityVersion = "Xcode 3.2";
			developmentRegion = English;
			hasScannedForEncodings = 0;
			knownRegions = (
				en,
				Base,
			);
			mainGroup = E9B05A861D155B5400C529E5;
			productRefGroup = E9B05A901D155B5400C529E5 /* Products */;
			projectDirPath = "";
			projectRoot = "";
			targets = (
				E9B05A8E1D155B5400C529E5 /* tabview */,
			);
		};
/* End PBXProject section */

/* Begin PBXResourcesBuildPhase section */
		E9B05A8D1D155B5400C529E5 /* Resources */ = {
			isa = PBXResourcesBuildPhase;
			buildActionMask = 2147483647;
			files = (
				E9DEB2BA1D1BC73B00A56F9D /* pic_placeholder.png in Resources */,
				E9DEB2B81D1BC2DE00A56F9D /* status_podcast.png in Resources */,
				E97372021D1AA35400996E12 /* play.png in Resources */,
				E9B05AA51D155B5400C529E5 /* LaunchScreen.storyboard in Resources */,
				E9FA5B731D1B9972004E4A1D /* podcast_cyan.png in Resources */,
				E97372041D1AA35400996E12 /* stop.png in Resources */,
				E97372031D1AA35400996E12 /* paused.png in Resources */,
				E9B05AA21D155B5400C529E5 /* Assets.xcassets in Resources */,
				E9B05AA01D155B5400C529E5 /* Main.storyboard in Resources */,
			);
			runOnlyForDeploymentPostprocessing = 0;
		};
/* End PBXResourcesBuildPhase section */

/* Begin PBXSourcesBuildPhase section */
		E9B05A8B1D155B5400C529E5 /* Sources */ = {
			isa = PBXSourcesBuildPhase;
			buildActionMask = 2147483647;
			files = (
				E973718E1D160DB300996E12 /* AFNetworkReachabilityManager.m in Sources */,
				E9B05AB31D159D1300C529E5 /* RssParser.cpp in Sources */,
				E97371F81D1A902600996E12 /* UIApplication+RemoteControl.m in Sources */,
				E9B05AAE1D159C6400C529E5 /* FeedsData.mm in Sources */,
				E973720B1D1B7A0200996E12 /* NSString+MD5.m in Sources */,
				E9B05A971D155B5400C529E5 /* AppDelegate.m in Sources */,
				E9B05A9A1D155B5400C529E5 /* FirstViewController.m in Sources */,
				E973718F1D160DB300996E12 /* AFSecurityPolicy.m in Sources */,
				E97371901D160DB300996E12 /* AFURLRequestSerialization.m in Sources */,
				E9B05A941D155B5400C529E5 /* main.m in Sources */,
				E9B05AB41D159D1300C529E5 /* tinyxml2.cpp in Sources */,
				E97371911D160DB300996E12 /* AFURLResponseSerialization.m in Sources */,
				E97371921D160DB300996E12 /* AFURLSessionManager.m in Sources */,
				E973718D1D160DB300996E12 /* AFHTTPSessionManager.m in Sources */,
				E97371F21D17BAD600996E12 /* SettingsTableViewController.m in Sources */,
				E97371E41D169E5300996E12 /* TableViewCell.m in Sources */,
				E97371951D162D5300996E12 /* DetailContentViewController.m in Sources */,
			);
			runOnlyForDeploymentPostprocessing = 0;
		};
/* End PBXSourcesBuildPhase section */

/* Begin PBXVariantGroup section */
		E9B05A9E1D155B5400C529E5 /* Main.storyboard */ = {
			isa = PBXVariantGroup;
			children = (
				E9B05A9F1D155B5400C529E5 /* Base */,
			);
			name = Main.storyboard;
			sourceTree = "<group>";
		};
		E9B05AA31D155B5400C529E5 /* LaunchScreen.storyboard */ = {
			isa = PBXVariantGroup;
			children = (
				E9B05AA41D155B5400C529E5 /* Base */,
			);
			name = LaunchScreen.storyboard;
			sourceTree = "<group>";
		};
/* End PBXVariantGroup section */

/* Begin XCBuildConfiguration section */
		E9B05AA71D155B5400C529E5 /* Debug */ = {
			isa = XCBuildConfiguration;
			buildSettings = {
				ALWAYS_SEARCH_USER_PATHS = NO;
				CLANG_ANALYZER_NONNULL = YES;
				CLANG_CXX_LANGUAGE_STANDARD = "gnu++0x";
				CLANG_CXX_LIBRARY = "libc++";
				CLANG_ENABLE_MODULES = YES;
				CLANG_ENABLE_OBJC_ARC = YES;
				CLANG_WARN_BOOL_CONVERSION = YES;
				CLANG_WARN_CONSTANT_CONVERSION = YES;
				CLANG_WARN_DIRECT_OBJC_ISA_USAGE = YES_ERROR;
				CLANG_WARN_EMPTY_BODY = YES;
				CLANG_WARN_ENUM_CONVERSION = YES;
				CLANG_WARN_INT_CONVERSION = YES;
				CLANG_WARN_OBJC_ROOT_CLASS = YES_ERROR;
				CLANG_WARN_UNREACHABLE_CODE = YES;
				CLANG_WARN__DUPLICATE_METHOD_MATCH = YES;
				"CODE_SIGN_IDENTITY[sdk=iphoneos*]" = "iPhone Developer";
				COPY_PHASE_STRIP = NO;
				DEBUG_INFORMATION_FORMAT = dwarf;
				ENABLE_STRICT_OBJC_MSGSEND = YES;
				ENABLE_TESTABILITY = YES;
				GCC_C_LANGUAGE_STANDARD = gnu99;
				GCC_DYNAMIC_NO_PIC = NO;
				GCC_NO_COMMON_BLOCKS = YES;
				GCC_OPTIMIZATION_LEVEL = 0;
				GCC_PREPROCESSOR_DEFINITIONS = (
					"DEBUG=1",
					"$(inherited)",
				);
				GCC_WARN_64_TO_32_BIT_CONVERSION = YES;
				GCC_WARN_ABOUT_RETURN_TYPE = YES_ERROR;
				GCC_WARN_UNDECLARED_SELECTOR = YES;
				GCC_WARN_UNINITIALIZED_AUTOS = YES_AGGRESSIVE;
				GCC_WARN_UNUSED_FUNCTION = YES;
				GCC_WARN_UNUSED_VARIABLE = YES;
				IPHONEOS_DEPLOYMENT_TARGET = 9.3;
				MTL_ENABLE_DEBUG_INFO = YES;
				ONLY_ACTIVE_ARCH = YES;
				SDKROOT = iphoneos;
				TARGETED_DEVICE_FAMILY = "1,2";
			};
			name = Debug;
		};
		E9B05AA81D155B5400C529E5 /* Release */ = {
			isa = XCBuildConfiguration;
			buildSettings = {
				ALWAYS_SEARCH_USER_PATHS = NO;
				CLANG_ANALYZER_NONNULL = YES;
				CLANG_CXX_LANGUAGE_STANDARD = "gnu++0x";
				CLANG_CXX_LIBRARY = "libc++";
				CLANG_ENABLE_MODULES = YES;
				CLANG_ENABLE_OBJC_ARC = YES;
				CLANG_WARN_BOOL_CONVERSION = YES;
				CLANG_WARN_CONSTANT_CONVERSION = YES;
				CLANG_WARN_DIRECT_OBJC_ISA_USAGE = YES_ERROR;
				CLANG_WARN_EMPTY_BODY = YES;
				CLANG_WARN_ENUM_CONVERSION = YES;
				CLANG_WARN_INT_CONVERSION = YES;
				CLANG_WARN_OBJC_ROOT_CLASS = YES_ERROR;
				CLANG_WARN_UNREACHABLE_CODE = YES;
				CLANG_WARN__DUPLICATE_METHOD_MATCH = YES;
				"CODE_SIGN_IDENTITY[sdk=iphoneos*]" = "iPhone Developer";
				COPY_PHASE_STRIP = NO;
				DEBUG_INFORMATION_FORMAT = "dwarf-with-dsym";
				ENABLE_NS_ASSERTIONS = NO;
				ENABLE_STRICT_OBJC_MSGSEND = YES;
				GCC_C_LANGUAGE_STANDARD = gnu99;
				GCC_NO_COMMON_BLOCKS = YES;
				GCC_WARN_64_TO_32_BIT_CONVERSION = YES;
				GCC_WARN_ABOUT_RETURN_TYPE = YES_ERROR;
				GCC_WARN_UNDECLARED_SELECTOR = YES;
				GCC_WARN_UNINITIALIZED_AUTOS = YES_AGGRESSIVE;
				GCC_WARN_UNUSED_FUNCTION = YES;
				GCC_WARN_UNUSED_VARIABLE = YES;
				IPHONEOS_DEPLOYMENT_TARGET = 9.3;
				MTL_ENABLE_DEBUG_INFO = NO;
				SDKROOT = iphoneos;
				TARGETED_DEVICE_FAMILY = "1,2";
				VALIDATE_PRODUCT = YES;
			};
			name = Release;
		};
		E9B05AAA1D155B5400C529E5 /* Debug */ = {
			isa = XCBuildConfiguration;
			buildSettings = {
				ASSETCATALOG_COMPILER_APPICON_NAME = AppIcon;
				INFOPLIST_FILE = tabview/Info.plist;
				IPHONEOS_DEPLOYMENT_TARGET = 9.0;
				LD_RUNPATH_SEARCH_PATHS = "$(inherited) @executable_path/Frameworks";
				PRODUCT_BUNDLE_IDENTIFIER = com.hengdi.tabview;
				PRODUCT_NAME = "$(TARGET_NAME)";
			};
			name = Debug;
		};
		E9B05AAB1D155B5400C529E5 /* Release */ = {
			isa = XCBuildConfiguration;
			buildSettings = {
				ASSETCATALOG_COMPILER_APPICON_NAME = AppIcon;
				INFOPLIST_FILE = tabview/Info.plist;
				IPHONEOS_DEPLOYMENT_TARGET = 9.0;
				LD_RUNPATH_SEARCH_PATHS = "$(inherited) @executable_path/Frameworks";
				PRODUCT_BUNDLE_IDENTIFIER = com.hengdi.tabview;
				PRODUCT_NAME = "$(TARGET_NAME)";
			};
			name = Release;
		};
/* End XCBuildConfiguration section */

/* Begin XCConfigurationList section */
		E9B05A8A1D155B5400C529E5 /* Build configuration list for PBXProject "tabview" */ = {
			isa = XCConfigurationList;
			buildConfigurations = (
				E9B05AA71D155B5400C529E5 /* Debug */,
				E9B05AA81D155B5400C529E5 /* Release */,
			);
			defaultConfigurationIsVisible = 0;
			defaultConfigurationName = Release;
		};
		E9B05AA91D155B5400C529E5 /* Build configuration list for PBXNativeTarget "tabview" */ = {
			isa = XCConfigurationList;
			buildConfigurations = (
				E9B05AAA1D155B5400C529E5 /* Debug */,
				E9B05AAB1D155B5400C529E5 /* Release */,
			);
			defaultConfigurationIsVisible = 0;
			defaultConfigurationName = Release;
		};
/* End XCConfigurationList section */
	};
	rootObject = E9B05A871D155B5400C529E5 /* Project object */;
}
